
Microsoft Visual Studio Solution File, Format Version 12.00
# Visual Studio Version 17
VisualStudioVersion = 17.2.32519.379
MinimumVisualStudioVersion = 10.0.40219.1
Project("{888888A0-9F3D-457C-B088-3A5042F75D52}") = "Praktiline_töö", "Praktiline_töö.pyproj", "{D0701738-D9F0-4418-85F5-BD0E046417CE}"
EndProject
Global
	GlobalSection(SolutionConfigurationPlatforms) = preSolution
		Debug|Any CPU = Debug|Any CPU
		Release|Any CPU = Release|Any CPU
	EndGlobalSection
	GlobalSection(ProjectConfigurationPlatforms) = postSolution
		{D0701738-D9F0-4418-85F5-BD0E046417CE}.Debug|Any CPU.ActiveCfg = Debug|Any CPU
		{D0701738-D9F0-4418-85F5-BD0E046417CE}.Release|Any CPU.ActiveCfg = Release|Any CPU
	EndGlobalSection
	GlobalSection(SolutionProperties) = preSolution
		HideSolutionNode = FALSE
	EndGlobalSection
	GlobalSection(ExtensibilityGlobals) = postSolution
		SolutionGuid = {7AA32E8A-4B19-4DF4-B207-40A8DC354052}
	EndGlobalSection
EndGlobal
